
Microsoft Visual Studio Solution File, Format Version 12.00
# Visual Studio 15
VisualStudioVersion = 15.0.27703.2035
MinimumVisualStudioVersion = 10.0.40219.1
Project("{FAE04EC0-301F-11D3-BF4B-00C04F79EFBC}") = "UnitOfWork_Example", "UnitOfWork_Example\UnitOfWork_Example.csproj", "{5A995A67-C18F-4DB8-8752-D6FDC70A4A31}"
EndProject
Global
	GlobalSection(SolutionConfigurationPlatforms) = preSolution
		Debug|Any CPU = Debug|Any CPU
		Release|Any CPU = Release|Any CPU
	EndGlobalSection
	GlobalSection(ProjectConfigurationPlatforms) = postSolution
		{5A995A67-C18F-4DB8-8752-D6FDC70A4A31}.Debug|Any CPU.ActiveCfg = Debug|Any CPU
		{5A995A67-C18F-4DB8-8752-D6FDC70A4A31}.Debug|Any CPU.Build.0 = Debug|Any CPU
		{5A995A67-C18F-4DB8-8752-D6FDC70A4A31}.Release|Any CPU.ActiveCfg = Release|Any CPU
		{5A995A67-C18F-4DB8-8752-D6FDC70A4A31}.Release|Any CPU.Build.0 = Release|Any CPU
	EndGlobalSection
	GlobalSection(SolutionProperties) = preSolution
		HideSolutionNode = FALSE
	EndGlobalSection
	GlobalSection(ExtensibilityGlobals) = postSolution
		SolutionGuid = {E4B8E7F9-D3B1-48CB-BFFF-2BF10956B89A}
	EndGlobalSection
EndGlobal
