
Microsoft Visual Studio Solution File, Format Version 12.00
# Visual Studio 15
VisualStudioVersion = 15.0.27703.2035
MinimumVisualStudioVersion = 10.0.40219.1
Project("{FAE04EC0-301F-11D3-BF4B-00C04F79EFBC}") = "Universidad", "Universidad\Universidad.csproj", "{C3E06210-CFF4-4844-8BAA-74B94D9C6BED}"
EndProject
Project("{FAE04EC0-301F-11D3-BF4B-00C04F79EFBC}") = "UniversidadBibliotecas", "UniversidadBibliotecas\UniversidadBibliotecas.csproj", "{3933B2EA-4808-423E-8714-D09B911D71BD}"
EndProject
Global
	GlobalSection(SolutionConfigurationPlatforms) = preSolution
		Debug|Any CPU = Debug|Any CPU
		Release|Any CPU = Release|Any CPU
	EndGlobalSection
	GlobalSection(ProjectConfigurationPlatforms) = postSolution
		{C3E06210-CFF4-4844-8BAA-74B94D9C6BED}.Debug|Any CPU.ActiveCfg = Debug|Any CPU
		{C3E06210-CFF4-4844-8BAA-74B94D9C6BED}.Debug|Any CPU.Build.0 = Debug|Any CPU
		{C3E06210-CFF4-4844-8BAA-74B94D9C6BED}.Release|Any CPU.ActiveCfg = Release|Any CPU
		{C3E06210-CFF4-4844-8BAA-74B94D9C6BED}.Release|Any CPU.Build.0 = Release|Any CPU
		{3933B2EA-4808-423E-8714-D09B911D71BD}.Debug|Any CPU.ActiveCfg = Debug|Any CPU
		{3933B2EA-4808-423E-8714-D09B911D71BD}.Debug|Any CPU.Build.0 = Debug|Any CPU
		{3933B2EA-4808-423E-8714-D09B911D71BD}.Release|Any CPU.ActiveCfg = Release|Any CPU
		{3933B2EA-4808-423E-8714-D09B911D71BD}.Release|Any CPU.Build.0 = Release|Any CPU
	EndGlobalSection
	GlobalSection(SolutionProperties) = preSolution
		HideSolutionNode = FALSE
	EndGlobalSection
	GlobalSection(ExtensibilityGlobals) = postSolution
		SolutionGuid = {0E4DE854-4E50-4B29-B7C6-58EB7B89F217}
	EndGlobalSection
EndGlobal
