
Microsoft Visual Studio Solution File, Format Version 12.00
# Visual Studio 15
VisualStudioVersion = 15.0.27703.2035
MinimumVisualStudioVersion = 10.0.40219.1
Project("{FAE04EC0-301F-11D3-BF4B-00C04F79EFBC}") = "EjemploOpen-Closed-Java", "EjemploOpen-Closed-Java\EjemploOpen-Closed-Java.csproj", "{037F7802-0156-4877-A987-87F80B2FDC3C}"
EndProject
Global
	GlobalSection(SolutionConfigurationPlatforms) = preSolution
		Debug|Any CPU = Debug|Any CPU
		Release|Any CPU = Release|Any CPU
	EndGlobalSection
	GlobalSection(ProjectConfigurationPlatforms) = postSolution
		{037F7802-0156-4877-A987-87F80B2FDC3C}.Debug|Any CPU.ActiveCfg = Debug|Any CPU
		{037F7802-0156-4877-A987-87F80B2FDC3C}.Debug|Any CPU.Build.0 = Debug|Any CPU
		{037F7802-0156-4877-A987-87F80B2FDC3C}.Release|Any CPU.ActiveCfg = Release|Any CPU
		{037F7802-0156-4877-A987-87F80B2FDC3C}.Release|Any CPU.Build.0 = Release|Any CPU
	EndGlobalSection
	GlobalSection(SolutionProperties) = preSolution
		HideSolutionNode = FALSE
	EndGlobalSection
	GlobalSection(ExtensibilityGlobals) = postSolution
		SolutionGuid = {A16B15C2-6A97-431D-8C97-6CD98E67516B}
	EndGlobalSection
EndGlobal
