
Microsoft Visual Studio Solution File, Format Version 12.00
# Visual Studio 15
VisualStudioVersion = 15.0.27703.2042
MinimumVisualStudioVersion = 10.0.40219.1
Project("{FAE04EC0-301F-11D3-BF4B-00C04F79EFBC}") = "DepthFirstSearch", "DepthFirstSearch\DepthFirstSearch.csproj", "{640F73E1-EB2B-4071-BADF-640D6B92EDF0}"
EndProject
Global
	GlobalSection(SolutionConfigurationPlatforms) = preSolution
		Debug|Any CPU = Debug|Any CPU
		Release|Any CPU = Release|Any CPU
	EndGlobalSection
	GlobalSection(ProjectConfigurationPlatforms) = postSolution
		{640F73E1-EB2B-4071-BADF-640D6B92EDF0}.Debug|Any CPU.ActiveCfg = Debug|Any CPU
		{640F73E1-EB2B-4071-BADF-640D6B92EDF0}.Debug|Any CPU.Build.0 = Debug|Any CPU
		{640F73E1-EB2B-4071-BADF-640D6B92EDF0}.Release|Any CPU.ActiveCfg = Release|Any CPU
		{640F73E1-EB2B-4071-BADF-640D6B92EDF0}.Release|Any CPU.Build.0 = Release|Any CPU
	EndGlobalSection
	GlobalSection(SolutionProperties) = preSolution
		HideSolutionNode = FALSE
	EndGlobalSection
	GlobalSection(ExtensibilityGlobals) = postSolution
		SolutionGuid = {83E700EC-3039-41C1-8313-820581DE705A}
	EndGlobalSection
EndGlobal
