
Microsoft Visual Studio Solution File, Format Version 12.00
# Visual Studio 15
VisualStudioVersion = 15.0.27703.2042
MinimumVisualStudioVersion = 10.0.40219.1
Project("{FAE04EC0-301F-11D3-BF4B-00C04F79EFBC}") = "RabbitMQSend", "RabbitMQSend\RabbitMQSend.csproj", "{CECBC302-A35C-445C-AC11-F84954423389}"
EndProject
Global
	GlobalSection(SolutionConfigurationPlatforms) = preSolution
		Debug|Any CPU = Debug|Any CPU
		Release|Any CPU = Release|Any CPU
	EndGlobalSection
	GlobalSection(ProjectConfigurationPlatforms) = postSolution
		{CECBC302-A35C-445C-AC11-F84954423389}.Debug|Any CPU.ActiveCfg = Debug|Any CPU
		{CECBC302-A35C-445C-AC11-F84954423389}.Debug|Any CPU.Build.0 = Debug|Any CPU
		{CECBC302-A35C-445C-AC11-F84954423389}.Release|Any CPU.ActiveCfg = Release|Any CPU
		{CECBC302-A35C-445C-AC11-F84954423389}.Release|Any CPU.Build.0 = Release|Any CPU
	EndGlobalSection
	GlobalSection(SolutionProperties) = preSolution
		HideSolutionNode = FALSE
	EndGlobalSection
	GlobalSection(ExtensibilityGlobals) = postSolution
		SolutionGuid = {06AE837A-83E2-41F0-BE60-5CABCA0C42EC}
	EndGlobalSection
EndGlobal
