
Microsoft Visual Studio Solution File, Format Version 12.00
# Visual Studio 15
VisualStudioVersion = 15.0.27703.2035
MinimumVisualStudioVersion = 10.0.40219.1
Project("{FAE04EC0-301F-11D3-BF4B-00C04F79EFBC}") = "WebApiMvc", "WebApiMvc\WebApiMvc.csproj", "{57952884-84D2-4F7E-B45E-08177A23CBFB}"
EndProject
Project("{FAE04EC0-301F-11D3-BF4B-00C04F79EFBC}") = "WebApiMvc.Tests", "WebApiMvc.Tests\WebApiMvc.Tests.csproj", "{5CA0CE03-FC85-4A38-8F35-42B84486BB96}"
EndProject
Project("{FAE04EC0-301F-11D3-BF4B-00C04F79EFBC}") = "MVC", "MVC\MVC.csproj", "{D9CAC9D0-6CBE-4918-9697-7B25700FA304}"
EndProject
Global
	GlobalSection(SolutionConfigurationPlatforms) = preSolution
		Debug|Any CPU = Debug|Any CPU
		Release|Any CPU = Release|Any CPU
	EndGlobalSection
	GlobalSection(ProjectConfigurationPlatforms) = postSolution
		{57952884-84D2-4F7E-B45E-08177A23CBFB}.Debug|Any CPU.ActiveCfg = Debug|Any CPU
		{57952884-84D2-4F7E-B45E-08177A23CBFB}.Debug|Any CPU.Build.0 = Debug|Any CPU
		{57952884-84D2-4F7E-B45E-08177A23CBFB}.Release|Any CPU.ActiveCfg = Release|Any CPU
		{57952884-84D2-4F7E-B45E-08177A23CBFB}.Release|Any CPU.Build.0 = Release|Any CPU
		{5CA0CE03-FC85-4A38-8F35-42B84486BB96}.Debug|Any CPU.ActiveCfg = Debug|Any CPU
		{5CA0CE03-FC85-4A38-8F35-42B84486BB96}.Debug|Any CPU.Build.0 = Debug|Any CPU
		{5CA0CE03-FC85-4A38-8F35-42B84486BB96}.Release|Any CPU.ActiveCfg = Release|Any CPU
		{5CA0CE03-FC85-4A38-8F35-42B84486BB96}.Release|Any CPU.Build.0 = Release|Any CPU
		{D9CAC9D0-6CBE-4918-9697-7B25700FA304}.Debug|Any CPU.ActiveCfg = Debug|Any CPU
		{D9CAC9D0-6CBE-4918-9697-7B25700FA304}.Debug|Any CPU.Build.0 = Debug|Any CPU
		{D9CAC9D0-6CBE-4918-9697-7B25700FA304}.Release|Any CPU.ActiveCfg = Release|Any CPU
		{D9CAC9D0-6CBE-4918-9697-7B25700FA304}.Release|Any CPU.Build.0 = Release|Any CPU
	EndGlobalSection
	GlobalSection(SolutionProperties) = preSolution
		HideSolutionNode = FALSE
	EndGlobalSection
	GlobalSection(ExtensibilityGlobals) = postSolution
		SolutionGuid = {171D7E08-4467-48A3-82AE-069BB34856D9}
	EndGlobalSection
EndGlobal
